
Microsoft Visual Studio Solution File, Format Version 12.00
# Visual Studio 15
VisualStudioVersion = 15.0.28307.1300
MinimumVisualStudioVersion = 10.0.40219.1
Project("{FAE04EC0-301F-11D3-BF4B-00C04F79EFBC}") = "StoreFront.UI.MVC", "StoreFront.UI.MVC\StoreFront.UI.MVC.csproj", "{8DD3E4AB-9F61-49EF-9EC1-85F037CE610A}"
EndProject
Project("{FAE04EC0-301F-11D3-BF4B-00C04F79EFBC}") = "StoreFront.DATA.EF", "StoreFront.DATA.EF\StoreFront.DATA.EF.csproj", "{DDB2B860-20B9-41CB-824F-F29015B0B619}"
EndProject
Global
	GlobalSection(SolutionConfigurationPlatforms) = preSolution
		Debug|Any CPU = Debug|Any CPU
		Release|Any CPU = Release|Any CPU
	EndGlobalSection
	GlobalSection(ProjectConfigurationPlatforms) = postSolution
		{8DD3E4AB-9F61-49EF-9EC1-85F037CE610A}.Debug|Any CPU.ActiveCfg = Debug|Any CPU
		{8DD3E4AB-9F61-49EF-9EC1-85F037CE610A}.Debug|Any CPU.Build.0 = Debug|Any CPU
		{8DD3E4AB-9F61-49EF-9EC1-85F037CE610A}.Release|Any CPU.ActiveCfg = Release|Any CPU
		{8DD3E4AB-9F61-49EF-9EC1-85F037CE610A}.Release|Any CPU.Build.0 = Release|Any CPU
		{DDB2B860-20B9-41CB-824F-F29015B0B619}.Debug|Any CPU.ActiveCfg = Debug|Any CPU
		{DDB2B860-20B9-41CB-824F-F29015B0B619}.Debug|Any CPU.Build.0 = Debug|Any CPU
		{DDB2B860-20B9-41CB-824F-F29015B0B619}.Release|Any CPU.ActiveCfg = Release|Any CPU
		{DDB2B860-20B9-41CB-824F-F29015B0B619}.Release|Any CPU.Build.0 = Release|Any CPU
	EndGlobalSection
	GlobalSection(SolutionProperties) = preSolution
		HideSolutionNode = FALSE
	EndGlobalSection
	GlobalSection(ExtensibilityGlobals) = postSolution
		SolutionGuid = {4651D20B-AC4D-4F1C-9DC2-B94C5FCB1A6F}
	EndGlobalSection
EndGlobal
